# @generated by Move, please check-in and do not edit manually.

[move]
version = 2
manifest_digest = "5A82AEB34BD66112E30EC5A96AE4709F3A9EA47D175ED719F3D94F125CB3F3DF"
deps_digest = "F8BBB0CCB2491CA29A3DF03D6F92277A4F3574266507ACD77214D37ECA3F3082"
dependencies = [
  { name = "Sui" },
]

[[move.package]]
name = "MoveStdlib"
source = { git = "https://github.com/MystenLabs/sui.git", rev = "framework/testnet", subdir = "crates/sui-framework/packages/move-stdlib" }

[[move.package]]
name = "Sui"
source = { git = "https://github.com/MystenLabs/sui.git", rev = "framework/testnet", subdir = "crates/sui-framework/packages/sui-framework" }

dependencies = [
  { name = "MoveStdlib" },
]

[move.toolchain-version]
compiler-version = "1.24.1"
edition = "2024.beta"
flavor = "sui"

[env]

[env.testnet]
chain-id = "4c78adac"
original-published-id = "0x19369555a5043ff91be849af10bedd005dc07151a6b6a13372d2ee7216355f43"
latest-published-id = "0x19369555a5043ff91be849af10bedd005dc07151a6b6a13372d2ee7216355f43"
published-version = "1"
